# THIS IS AN AUTOGENERATED FILE. DO NOT EDIT THIS FILE DIRECTLY.
# yarn lockfile v1


bootstrap@^4.3.1:
  version "4.3.1"
  resolved "https://registry.yarnpkg.com/bootstrap/-/bootstrap-4.3.1.tgz#280ca8f610504d99d7b6b4bfc4b68cec601704ac"
  integrity sha512-rXqOmH1VilAt2DyPzluTi2blhk17bO7ef+zLLPlWvG494pDxcM234pJ8wTc/6R40UWizAIIMgxjvxZg5kmsbag==

jquery@^3.2.1:
  version "3.2.1"
  resolved "https://registry.yarnpkg.com/jquery/-/jquery-3.2.1.tgz#5c4d9de652af6cd0a770154a631bba12b015c787"

popper.js@^1.14.7:
  version "1.14.7"
  resolved "https://registry.yarnpkg.com/popper.js/-/popper.js-1.14.7.tgz#e31ec06cfac6a97a53280c3e55e4e0c860e7738e"
  integrity sha512-4q1hNvoUre/8srWsH7hnoSJ5xVmIL4qgz+s4qf2TnJIMyZFUFMGH+9vE7mXynAlHSZ/NdTmmow86muD0myUkVQ==

tether@^1.4.0:
  version "1.4.3"
  resolved "https://registry.yarnpkg.com/tether/-/tether-1.4.3.tgz#fd547024c47b6e5c9b87e1880f997991a9a6ad54"
